
Microsoft Visual Studio Solution File, Format Version 12.00
# Visual Studio Version 17
VisualStudioVersion = 17.8.34322.80
MinimumVisualStudioVersion = 10.0.40219.1
Project("{FAE04EC0-301F-11D3-BF4B-00C04F79EFBC}") = "ToDoManagement", "ToDoManagement\ToDoManagement.csproj", "{58A27CF4-459A-491E-809D-8DC40AF8BF36}"
EndProject
Global
	GlobalSection(SolutionConfigurationPlatforms) = preSolution
		Debug|Any CPU = Debug|Any CPU
		Release|Any CPU = Release|Any CPU
	EndGlobalSection
	GlobalSection(ProjectConfigurationPlatforms) = postSolution
		{58A27CF4-459A-491E-809D-8DC40AF8BF36}.Debug|Any CPU.ActiveCfg = Debug|Any CPU
		{58A27CF4-459A-491E-809D-8DC40AF8BF36}.Debug|Any CPU.Build.0 = Debug|Any CPU
		{58A27CF4-459A-491E-809D-8DC40AF8BF36}.Release|Any CPU.ActiveCfg = Release|Any CPU
		{58A27CF4-459A-491E-809D-8DC40AF8BF36}.Release|Any CPU.Build.0 = Release|Any CPU
	EndGlobalSection
	GlobalSection(SolutionProperties) = preSolution
		HideSolutionNode = FALSE
	EndGlobalSection
	GlobalSection(ExtensibilityGlobals) = postSolution
		SolutionGuid = {30F39566-7459-42EE-A82B-AAB10FEC719C}
	EndGlobalSection
EndGlobal
